
Microsoft Visual Studio Solution File, Format Version 12.00
# Visual Studio Version 17
VisualStudioVersion = 17.14.36623.8
MinimumVisualStudioVersion = 10.0.40219.1
Project("{FAE04EC0-301F-11D3-BF4B-00C04F79EFBC}") = "ClassProyecto", "src\ClassProyecto\ClassProyecto.csproj", "{21A51DE3-7A5D-A01C-B347-478E4D8F7AF0}"
EndProject
Project("{FAE04EC0-301F-11D3-BF4B-00C04F79EFBC}") = "ClassModels", "src\ClassModels\ClassModels.csproj", "{8CAD3416-5748-4959-B411-67ADC5689B9A}"
EndProject
Project("{FAE04EC0-301F-11D3-BF4B-00C04F79EFBC}") = "ClassController", "src\ClassController\ClassController.csproj", "{901738DE-5CD7-4CFE-B5EB-58216E609C5C}"
EndProject
Project("{2150E333-8FDC-42A3-9474-1A3956D46DE8}") = "test", "test", "{02EA681E-C7D8-13C7-8484-4AC65E1B71E8}"
EndProject
Project("{FAE04EC0-301F-11D3-BF4B-00C04F79EFBC}") = "ClassController.Test", "test\ClassController.Test\ClassController.Test.csproj", "{0BEE3582-F7F3-4D81-86EF-D111AFEC2C0B}"
EndProject
Project("{FAE04EC0-301F-11D3-BF4B-00C04F79EFBC}") = "ClassDataAcces", "src\ClassDataAcces\ClassDataAcces.csproj", "{8BDBFDA9-7D08-4F64-864B-67BD07E2A9BF}"
EndProject
Project("{FAE04EC0-301F-11D3-BF4B-00C04F79EFBC}") = "ClassWeb", "src\ClassWeb\ClassWeb.csproj", "{93F78BBE-8794-4C77-B0D3-7E8821761F77}"
EndProject
Global
	GlobalSection(SolutionConfigurationPlatforms) = preSolution
		Debug|Any CPU = Debug|Any CPU
		Release|Any CPU = Release|Any CPU
	EndGlobalSection
	GlobalSection(ProjectConfigurationPlatforms) = postSolution
		{21A51DE3-7A5D-A01C-B347-478E4D8F7AF0}.Debug|Any CPU.ActiveCfg = Debug|Any CPU
		{21A51DE3-7A5D-A01C-B347-478E4D8F7AF0}.Debug|Any CPU.Build.0 = Debug|Any CPU
		{21A51DE3-7A5D-A01C-B347-478E4D8F7AF0}.Release|Any CPU.ActiveCfg = Release|Any CPU
		{21A51DE3-7A5D-A01C-B347-478E4D8F7AF0}.Release|Any CPU.Build.0 = Release|Any CPU
		{8CAD3416-5748-4959-B411-67ADC5689B9A}.Debug|Any CPU.ActiveCfg = Debug|Any CPU
		{8CAD3416-5748-4959-B411-67ADC5689B9A}.Debug|Any CPU.Build.0 = Debug|Any CPU
		{8CAD3416-5748-4959-B411-67ADC5689B9A}.Release|Any CPU.ActiveCfg = Release|Any CPU
		{8CAD3416-5748-4959-B411-67ADC5689B9A}.Release|Any CPU.Build.0 = Release|Any CPU
		{901738DE-5CD7-4CFE-B5EB-58216E609C5C}.Debug|Any CPU.ActiveCfg = Debug|Any CPU
		{901738DE-5CD7-4CFE-B5EB-58216E609C5C}.Debug|Any CPU.Build.0 = Debug|Any CPU
		{901738DE-5CD7-4CFE-B5EB-58216E609C5C}.Release|Any CPU.ActiveCfg = Release|Any CPU
		{901738DE-5CD7-4CFE-B5EB-58216E609C5C}.Release|Any CPU.Build.0 = Release|Any CPU
		{0BEE3582-F7F3-4D81-86EF-D111AFEC2C0B}.Debug|Any CPU.ActiveCfg = Debug|Any CPU
		{0BEE3582-F7F3-4D81-86EF-D111AFEC2C0B}.Debug|Any CPU.Build.0 = Debug|Any CPU
		{0BEE3582-F7F3-4D81-86EF-D111AFEC2C0B}.Release|Any CPU.ActiveCfg = Release|Any CPU
		{0BEE3582-F7F3-4D81-86EF-D111AFEC2C0B}.Release|Any CPU.Build.0 = Release|Any CPU
		{8BDBFDA9-7D08-4F64-864B-67BD07E2A9BF}.Debug|Any CPU.ActiveCfg = Debug|Any CPU
		{8BDBFDA9-7D08-4F64-864B-67BD07E2A9BF}.Debug|Any CPU.Build.0 = Debug|Any CPU
		{8BDBFDA9-7D08-4F64-864B-67BD07E2A9BF}.Release|Any CPU.ActiveCfg = Release|Any CPU
		{8BDBFDA9-7D08-4F64-864B-67BD07E2A9BF}.Release|Any CPU.Build.0 = Release|Any CPU
		{93F78BBE-8794-4C77-B0D3-7E8821761F77}.Debug|Any CPU.ActiveCfg = Debug|Any CPU
		{93F78BBE-8794-4C77-B0D3-7E8821761F77}.Debug|Any CPU.Build.0 = Debug|Any CPU
		{93F78BBE-8794-4C77-B0D3-7E8821761F77}.Release|Any CPU.ActiveCfg = Release|Any CPU
		{93F78BBE-8794-4C77-B0D3-7E8821761F77}.Release|Any CPU.Build.0 = Release|Any CPU
	EndGlobalSection
	GlobalSection(SolutionProperties) = preSolution
		HideSolutionNode = FALSE
	EndGlobalSection
	GlobalSection(NestedProjects) = preSolution
		{0BEE3582-F7F3-4D81-86EF-D111AFEC2C0B} = {02EA681E-C7D8-13C7-8484-4AC65E1B71E8}
	EndGlobalSection
	GlobalSection(ExtensibilityGlobals) = postSolution
		SolutionGuid = {CC00437D-24F5-4E06-8CC0-DBCE0917A7F3}
	EndGlobalSection
EndGlobal
